<?xml version="1.0" encoding="utf-8"?>
<Project ToolsVersion="4.0" xmlns="http://schemas.microsoft.com/developer/msbuild/2003">
  <ItemGroup>
    <Filter Include="Source Files">
      <UniqueIdentifier>{4FC737F1-C7A5-4376-A066-2A32D752A2FF}</UniqueIdentifier>
      <Extensions>cpp;c;cc;cxx;def;odl;idl;hpj;bat;asm;asmx</Extensions>
    </Filter>
    <Filter Include="Header Files">
      <UniqueIdentifier>{93995380-89BD-4b04-88EB-625FBE52EBFB}</UniqueIdentifier>
      <Extensions>h;hpp;hxx;hm;inl;inc;xsd</Extensions>
    </Filter>
    <Filter Include="Resource Files">
      <UniqueIdentifier>{67DA6AB6-F800-4c08-8B7A-83BB121AAD01}</UniqueIdentifier>
      <Extensions>rc;ico;cur;bmp;dlg;rc2;rct;bin;rgs;gif;jpg;jpeg;jpe;resx;tiff;tif;png;wav;mfcribbon-ms</Extensions>
    </Filter>
  </ItemGroup>
  <ItemGroup>
    <ClInclude Include="essfile.h">
      <Filter>Header Files</Filter>
    </ClInclude>
    <ClInclude Include="fileread.h">
      <Filter>Header Files</Filter>
    </ClInclude>
    <ClInclude Include="changerecord.h">
      <Filter>Header Files</Filter>
    </ClInclude>
    <ClInclude Include="factionchagerecord.h">
      <Filter>Header Files</Filter>
    </ClInclude>
    <ClInclude Include="itemchangerecord.h">
      <Filter>Header Files</Filter>
    </ClInclude>
    <ClInclude Include="bookchangerecord.h">
      <Filter>Header Files</Filter>
    </ClInclude>
    <ClInclude Include="npcchangerecord.h">
      <Filter>Header Files</Filter>
    </ClInclude>
    <ClInclude Include="actorbasechangerecord.h">
      <Filter>Header Files</Filter>
    </ClInclude>
    <ClInclude Include="creaturechangerecord.h">
      <Filter>Header Files</Filter>
    </ClInclude>
    <ClInclude Include="questchangerecord.h">
      <Filter>Header Files</Filter>
    </ClInclude>
    <ClInclude Include="cellchangerecord.h">
      <Filter>Header Files</Filter>
    </ClInclude>
    <ClInclude Include="refrchangerecord.h">
      <Filter>Header Files</Filter>
    </ClInclude>
    <ClInclude Include="unparsedchangerecord.h">
      <Filter>Header Files</Filter>
    </ClInclude>
    <ClInclude Include="obdata.h">
      <Filter>Header Files</Filter>
    </ClInclude>
    <ClInclude Include="filewrite.h">
      <Filter>Header Files</Filter>
    </ClInclude>
    <ClInclude Include="modfile.h">
      <Filter>Header Files</Filter>
    </ClInclude>
    <ClInclude Include="typegroup.h">
      <Filter>Header Files</Filter>
    </ClInclude>
    <ClInclude Include="dialoguetypegroup.h">
      <Filter>Header Files</Filter>
    </ClInclude>
    <ClInclude Include="bookform.h">
      <Filter>Header Files</Filter>
    </ClInclude>
    <ClInclude Include="miscform.h">
      <Filter>Header Files</Filter>
    </ClInclude>
    <ClInclude Include="form.h">
      <Filter>Header Files</Filter>
    </ClInclude>
    <ClInclude Include="tes4form.h">
      <Filter>Header Files</Filter>
    </ClInclude>
    <ClInclude Include="worldspacetypegroup.h">
      <Filter>Header Files</Filter>
    </ClInclude>
    <ClInclude Include="celltypegroup.h">
      <Filter>Header Files</Filter>
    </ClInclude>
    <ClInclude Include="formgroup.h">
      <Filter>Header Files</Filter>
    </ClInclude>
    <ClInclude Include="cellchildgroup.h">
      <Filter>Header Files</Filter>
    </ClInclude>
    <ClInclude Include="interiorsubblockgroup.h">
      <Filter>Header Files</Filter>
    </ClInclude>
    <ClInclude Include="interiorblockgroup.h">
      <Filter>Header Files</Filter>
    </ClInclude>
    <ClInclude Include="exteriorblockgroup.h">
      <Filter>Header Files</Filter>
    </ClInclude>
    <ClInclude Include="exteriorsubblockgroup.h">
      <Filter>Header Files</Filter>
    </ClInclude>
    <ClInclude Include="worldchildrengroup.h">
      <Filter>Header Files</Filter>
    </ClInclude>
    <ClInclude Include="cellform.h">
      <Filter>Header Files</Filter>
    </ClInclude>
    <ClInclude Include="refrform.h">
      <Filter>Header Files</Filter>
    </ClInclude>
    <ClInclude Include="landform.h">
      <Filter>Header Files</Filter>
    </ClInclude>
    <ClInclude Include="roadform.h">
      <Filter>Header Files</Filter>
    </ClInclude>
    <ClInclude Include="pathgridform.h">
      <Filter>Header Files</Filter>
    </ClInclude>
    <ClInclude Include="staticform.h">
      <Filter>Header Files</Filter>
    </ClInclude>
    <ClInclude Include="alchemyform.h">
      <Filter>Header Files</Filter>
    </ClInclude>
    <ClInclude Include="sigilstoneform.h">
      <Filter>Header Files</Filter>
    </ClInclude>
    <ClInclude Include="enchantmentform.h">
      <Filter>Header Files</Filter>
    </ClInclude>
    <ClInclude Include="spellform.h">
      <Filter>Header Files</Filter>
    </ClInclude>
    <ClInclude Include="extradataform.h">
      <Filter>Header Files</Filter>
    </ClInclude>
    <ClInclude Include="activatorform.h">
      <Filter>Header Files</Filter>
    </ClInclude>
    <ClInclude Include="ammoform.h">
      <Filter>Header Files</Filter>
    </ClInclude>
    <ClInclude Include="animatedobjectform.h">
      <Filter>Header Files</Filter>
    </ClInclude>
    <ClInclude Include="apparatusform.h">
      <Filter>Header Files</Filter>
    </ClInclude>
    <ClInclude Include="armorform.h">
      <Filter>Header Files</Filter>
    </ClInclude>
    <ClInclude Include="clothingform.h">
      <Filter>Header Files</Filter>
    </ClInclude>
    <ClInclude Include="lightform.h">
      <Filter>Header Files</Filter>
    </ClInclude>
    <ClInclude Include="soulgemform.h">
      <Filter>Header Files</Filter>
    </ClInclude>
    <ClInclude Include="weaponform.h">
      <Filter>Header Files</Filter>
    </ClInclude>
    <ClInclude Include="floraform.h">
      <Filter>Header Files</Filter>
    </ClInclude>
    <ClInclude Include="gamesettingform.h">
      <Filter>Header Files</Filter>
    </ClInclude>
    <ClInclude Include="containerform.h">
      <Filter>Header Files</Filter>
    </ClInclude>
    <ClInclude Include="creatureform.h">
      <Filter>Header Files</Filter>
    </ClInclude>
    <ClInclude Include="scriptform.h">
      <Filter>Header Files</Filter>
    </ClInclude>
    <ClInclude Include="questform.h">
      <Filter>Header Files</Filter>
    </ClInclude>
    <ClInclude Include="leveleditemform.h">
      <Filter>Header Files</Filter>
    </ClInclude>
    <ClInclude Include="doorform.h">
      <Filter>Header Files</Filter>
    </ClInclude>
    <ClInclude Include="magiceffectform.h">
      <Filter>Header Files</Filter>
    </ClInclude>
    <ClInclude Include="effectshaderform.h">
      <Filter>Header Files</Filter>
    </ClInclude>
    <ClInclude Include="globalform.h">
      <Filter>Header Files</Filter>
    </ClInclude>
    <ClInclude Include="leveledcreatureform.h">
      <Filter>Header Files</Filter>
    </ClInclude>
    <ClInclude Include="npcform.h">
      <Filter>Header Files</Filter>
    </ClInclude>
    <ClInclude Include="aipackageform.h">
      <Filter>Header Files</Filter>
    </ClInclude>
    <ClInclude Include="regionform.h">
      <Filter>Header Files</Filter>
    </ClInclude>
    <ClInclude Include="dialogform.h">
      <Filter>Header Files</Filter>
    </ClInclude>
    <ClInclude Include="dialogresponseform.h">
      <Filter>Header Files</Filter>
    </ClInclude>
    <ClInclude Include="soundform.h">
      <Filter>Header Files</Filter>
    </ClInclude>
    <ClInclude Include="climateform.h">
      <Filter>Header Files</Filter>
    </ClInclude>
    <ClInclude Include="worldspaceform.h">
      <Filter>Header Files</Filter>
    </ClInclude>
    <ClInclude Include="factionform.h">
      <Filter>Header Files</Filter>
    </ClInclude>
    <ClInclude Include="leveledspellform.h">
      <Filter>Header Files</Filter>
    </ClInclude>
    <ClInclude Include="waterform.h">
      <Filter>Header Files</Filter>
    </ClInclude>
    <ClInclude Include="furnitureform.h">
      <Filter>Header Files</Filter>
    </ClInclude>
    <ClInclude Include="classform.h">
      <Filter>Header Files</Filter>
    </ClInclude>
    <ClInclude Include="weatherform.h">
      <Filter>Header Files</Filter>
    </ClInclude>
    <ClInclude Include="idleform.h">
      <Filter>Header Files</Filter>
    </ClInclude>
    <ClInclude Include="combatstyleform.h">
      <Filter>Header Files</Filter>
    </ClInclude>
    <ClInclude Include="loadscreenform.h">
      <Filter>Header Files</Filter>
    </ClInclude>
    <ClInclude Include="hairform.h">
      <Filter>Header Files</Filter>
    </ClInclude>
    <ClInclude Include="eyesform.h">
      <Filter>Header Files</Filter>
    </ClInclude>
    <ClInclude Include="landscapetextureform.h">
      <Filter>Header Files</Filter>
    </ClInclude>
    <ClInclude Include="birthsignform.h">
      <Filter>Header Files</Filter>
    </ClInclude>
    <ClInclude Include="subspaceform.h">
      <Filter>Header Files</Filter>
    </ClInclude>
    <ClInclude Include="extradata.h">
      <Filter>Header Files</Filter>
    </ClInclude>
    <ClInclude Include="processchangerecord.h">
      <Filter>Header Files</Filter>
    </ClInclude>
    <ClInclude Include="treeform.h">
      <Filter>Header Files</Filter>
    </ClInclude>
    <ClInclude Include="grassform.h">
      <Filter>Header Files</Filter>
    </ClInclude>
    <ClInclude Include="skillform.h">
      <Filter>Header Files</Filter>
    </ClInclude>
    <ClInclude Include="raceform.h">
      <Filter>Header Files</Filter>
    </ClInclude>
  </ItemGroup>
  <ItemGroup>
    <ClCompile Include="essfile.cpp">
      <Filter>Source Files</Filter>
    </ClCompile>
    <ClCompile Include="changerecord.cpp">
      <Filter>Source Files</Filter>
    </ClCompile>
    <ClCompile Include="modfile.cpp">
      <Filter>Source Files</Filter>
    </ClCompile>
    <ClCompile Include="form.cpp">
      <Filter>Source Files</Filter>
    </ClCompile>
  </ItemGroup>
  <ItemGroup>
    <Library Include="..\zlib\zlib.lib" />
  </ItemGroup>
</Project>